
Microsoft Visual Studio Solution File, Format Version 12.00
# Visual Studio Version 16
VisualStudioVersion = 16.0.31624.102
MinimumVisualStudioVersion = 10.0.40219.1
Project("{FAE04EC0-301F-11D3-BF4B-00C04F79EFBC}") = "EU-tagallamai", "EU-tagallamai\EU-tagallamai.csproj", "{0FB58CF2-B7BC-487A-9436-2645D70768BD}"
EndProject
Global
	GlobalSection(SolutionConfigurationPlatforms) = preSolution
		Debug|Any CPU = Debug|Any CPU
		Release|Any CPU = Release|Any CPU
	EndGlobalSection
	GlobalSection(ProjectConfigurationPlatforms) = postSolution
		{0FB58CF2-B7BC-487A-9436-2645D70768BD}.Debug|Any CPU.ActiveCfg = Debug|Any CPU
		{0FB58CF2-B7BC-487A-9436-2645D70768BD}.Debug|Any CPU.Build.0 = Debug|Any CPU
		{0FB58CF2-B7BC-487A-9436-2645D70768BD}.Release|Any CPU.ActiveCfg = Release|Any CPU
		{0FB58CF2-B7BC-487A-9436-2645D70768BD}.Release|Any CPU.Build.0 = Release|Any CPU
	EndGlobalSection
	GlobalSection(SolutionProperties) = preSolution
		HideSolutionNode = FALSE
	EndGlobalSection
	GlobalSection(ExtensibilityGlobals) = postSolution
		SolutionGuid = {CB2255CF-4B01-4BA0-9036-F7D2ACCDDC41}
	EndGlobalSection
EndGlobal
